
Microsoft Visual Studio Solution File, Format Version 12.00
# Visual Studio Version 17
VisualStudioVersion = 17.0.32112.339
MinimumVisualStudioVersion = 10.0.40219.1
Project("{FAE04EC0-301F-11D3-BF4B-00C04F79EFBC}") = "Dio.Series", "Dio.Series\Dio.Series.csproj", "{5F4DEF74-E524-4BF0-BCAB-C89AE2F54DDB}"
EndProject
Global
	GlobalSection(SolutionConfigurationPlatforms) = preSolution
		Debug|Any CPU = Debug|Any CPU
		Release|Any CPU = Release|Any CPU
	EndGlobalSection
	GlobalSection(ProjectConfigurationPlatforms) = postSolution
		{5F4DEF74-E524-4BF0-BCAB-C89AE2F54DDB}.Debug|Any CPU.ActiveCfg = Debug|Any CPU
		{5F4DEF74-E524-4BF0-BCAB-C89AE2F54DDB}.Debug|Any CPU.Build.0 = Debug|Any CPU
		{5F4DEF74-E524-4BF0-BCAB-C89AE2F54DDB}.Release|Any CPU.ActiveCfg = Release|Any CPU
		{5F4DEF74-E524-4BF0-BCAB-C89AE2F54DDB}.Release|Any CPU.Build.0 = Release|Any CPU
	EndGlobalSection
	GlobalSection(SolutionProperties) = preSolution
		HideSolutionNode = FALSE
	EndGlobalSection
	GlobalSection(ExtensibilityGlobals) = postSolution
		SolutionGuid = {0CE59409-4089-493C-8401-C09361FF7B08}
	EndGlobalSection
EndGlobal
